
Microsoft Visual Studio Solution File, Format Version 12.00
# Visual Studio 15
Project("{FAE04EC0-301F-11D3-BF4B-00C04F79EFBC}") = "fitnosso", "fitnosso\fitnosso.csproj", "{C219BAED-4625-4DEF-A954-5B36497653E3}"
EndProject
Global
	GlobalSection(SolutionConfigurationPlatforms) = preSolution
		Debug|iPhoneSimulator = Debug|iPhoneSimulator
		Release|iPhone = Release|iPhone
		Release|iPhoneSimulator = Release|iPhoneSimulator
		Debug|iPhone = Debug|iPhone
	EndGlobalSection
	GlobalSection(ProjectConfigurationPlatforms) = postSolution
		{C219BAED-4625-4DEF-A954-5B36497653E3}.Debug|iPhoneSimulator.ActiveCfg = Debug|iPhoneSimulator
		{C219BAED-4625-4DEF-A954-5B36497653E3}.Debug|iPhoneSimulator.Build.0 = Debug|iPhoneSimulator
		{C219BAED-4625-4DEF-A954-5B36497653E3}.Release|iPhone.ActiveCfg = Release|iPhone
		{C219BAED-4625-4DEF-A954-5B36497653E3}.Release|iPhone.Build.0 = Release|iPhone
		{C219BAED-4625-4DEF-A954-5B36497653E3}.Release|iPhoneSimulator.ActiveCfg = Release|iPhoneSimulator
		{C219BAED-4625-4DEF-A954-5B36497653E3}.Release|iPhoneSimulator.Build.0 = Release|iPhoneSimulator
		{C219BAED-4625-4DEF-A954-5B36497653E3}.Debug|iPhone.ActiveCfg = Debug|iPhone
		{C219BAED-4625-4DEF-A954-5B36497653E3}.Debug|iPhone.Build.0 = Debug|iPhone
	EndGlobalSection
EndGlobal
